
Microsoft Visual Studio Solution File, Format Version 12.00
# Visual Studio Version 16
VisualStudioVersion = 16.0.30330.147
MinimumVisualStudioVersion = 10.0.40219.1
Project("{FAE04EC0-301F-11D3-BF4B-00C04F79EFBC}") = "sem3-t1907m", "sem3-t1907m\sem3-t1907m.csproj", "{BCFA4E6B-CB5D-4AB7-8884-16FBE56591B5}"
EndProject
Project("{FAE04EC0-301F-11D3-BF4B-00C04F79EFBC}") = "FakeNews", "FakeNews\FakeNews.csproj", "{15A30D23-C1A1-4066-A7FB-55CFF9E47935}"
EndProject
Project("{FAE04EC0-301F-11D3-BF4B-00C04F79EFBC}") = "databindingexample", "databindingexample\databindingexample.csproj", "{38B871F9-C8A4-4776-89F0-8216F3807BE3}"
EndProject
Project("{FAE04EC0-301F-11D3-BF4B-00C04F79EFBC}") = "ObservableCollectionExample", "ObservableCollectionExample\ObservableCollectionExample.csproj", "{9A22F1A4-658A-40B4-A694-5648EB93FBE5}"
EndProject
Project("{FAE04EC0-301F-11D3-BF4B-00C04F79EFBC}") = "MyWeatherApplication", "MyWeatherApplication\MyWeatherApplication.csproj", "{62BFD748-544F-40C8-AD0E-F40B7D0C40AE}"
EndProject
Project("{FAE04EC0-301F-11D3-BF4B-00C04F79EFBC}") = "WeatherAppDemo", "WeatherAppDemo\WeatherAppDemo.csproj", "{D48E08DE-9367-43B6-A462-2EF62F285B54}"
EndProject
Project("{FAE04EC0-301F-11D3-BF4B-00C04F79EFBC}") = "WeatherAppDemo1", "WeatherAppDemo1\WeatherAppDemo1.csproj", "{455D2521-115C-4E70-A93B-28EE064BDD13}"
EndProject
Project("{FAE04EC0-301F-11D3-BF4B-00C04F79EFBC}") = "YoutubeAPI", "YoutubeAPI\YoutubeAPI.csproj", "{CA17FACC-74F6-493B-B941-B9AA8BDDE2CE}"
EndProject
Project("{FAE04EC0-301F-11D3-BF4B-00C04F79EFBC}") = "XemYouTubeThoi", "XemYouTubeThoi\XemYouTubeThoi.csproj", "{18217C56-4C6B-4B9E-ACE0-0C1DE3544608}"
EndProject
Project("{FAE04EC0-301F-11D3-BF4B-00C04F79EFBC}") = "WeatherJson", "WeatherJson\WeatherJson.csproj", "{BEB32D80-DB82-43A3-B17A-716233116355}"
EndProject
Global
	GlobalSection(SolutionConfigurationPlatforms) = preSolution
		Debug|ARM = Debug|ARM
		Debug|ARM64 = Debug|ARM64
		Debug|x64 = Debug|x64
		Debug|x86 = Debug|x86
		Release|ARM = Release|ARM
		Release|ARM64 = Release|ARM64
		Release|x64 = Release|x64
		Release|x86 = Release|x86
	EndGlobalSection
	GlobalSection(ProjectConfigurationPlatforms) = postSolution
		{BCFA4E6B-CB5D-4AB7-8884-16FBE56591B5}.Debug|ARM.ActiveCfg = Debug|ARM
		{BCFA4E6B-CB5D-4AB7-8884-16FBE56591B5}.Debug|ARM.Build.0 = Debug|ARM
		{BCFA4E6B-CB5D-4AB7-8884-16FBE56591B5}.Debug|ARM.Deploy.0 = Debug|ARM
		{BCFA4E6B-CB5D-4AB7-8884-16FBE56591B5}.Debug|ARM64.ActiveCfg = Debug|ARM64
		{BCFA4E6B-CB5D-4AB7-8884-16FBE56591B5}.Debug|ARM64.Build.0 = Debug|ARM64
		{BCFA4E6B-CB5D-4AB7-8884-16FBE56591B5}.Debug|ARM64.Deploy.0 = Debug|ARM64
		{BCFA4E6B-CB5D-4AB7-8884-16FBE56591B5}.Debug|x64.ActiveCfg = Debug|x64
		{BCFA4E6B-CB5D-4AB7-8884-16FBE56591B5}.Debug|x64.Build.0 = Debug|x64
		{BCFA4E6B-CB5D-4AB7-8884-16FBE56591B5}.Debug|x64.Deploy.0 = Debug|x64
		{BCFA4E6B-CB5D-4AB7-8884-16FBE56591B5}.Debug|x86.ActiveCfg = Debug|x86
		{BCFA4E6B-CB5D-4AB7-8884-16FBE56591B5}.Debug|x86.Build.0 = Debug|x86
		{BCFA4E6B-CB5D-4AB7-8884-16FBE56591B5}.Debug|x86.Deploy.0 = Debug|x86
		{BCFA4E6B-CB5D-4AB7-8884-16FBE56591B5}.Release|ARM.ActiveCfg = Release|ARM
		{BCFA4E6B-CB5D-4AB7-8884-16FBE56591B5}.Release|ARM.Build.0 = Release|ARM
		{BCFA4E6B-CB5D-4AB7-8884-16FBE56591B5}.Release|ARM.Deploy.0 = Release|ARM
		{BCFA4E6B-CB5D-4AB7-8884-16FBE56591B5}.Release|ARM64.ActiveCfg = Release|ARM64
		{BCFA4E6B-CB5D-4AB7-8884-16FBE56591B5}.Release|ARM64.Build.0 = Release|ARM64
		{BCFA4E6B-CB5D-4AB7-8884-16FBE56591B5}.Release|ARM64.Deploy.0 = Release|ARM64
		{BCFA4E6B-CB5D-4AB7-8884-16FBE56591B5}.Release|x64.ActiveCfg = Release|x64
		{BCFA4E6B-CB5D-4AB7-8884-16FBE56591B5}.Release|x64.Build.0 = Release|x64
		{BCFA4E6B-CB5D-4AB7-8884-16FBE56591B5}.Release|x64.Deploy.0 = Release|x64
		{BCFA4E6B-CB5D-4AB7-8884-16FBE56591B5}.Release|x86.ActiveCfg = Release|x86
		{BCFA4E6B-CB5D-4AB7-8884-16FBE56591B5}.Release|x86.Build.0 = Release|x86
		{BCFA4E6B-CB5D-4AB7-8884-16FBE56591B5}.Release|x86.Deploy.0 = Release|x86
		{15A30D23-C1A1-4066-A7FB-55CFF9E47935}.Debug|ARM.ActiveCfg = Debug|ARM
		{15A30D23-C1A1-4066-A7FB-55CFF9E47935}.Debug|ARM.Build.0 = Debug|ARM
		{15A30D23-C1A1-4066-A7FB-55CFF9E47935}.Debug|ARM.Deploy.0 = Debug|ARM
		{15A30D23-C1A1-4066-A7FB-55CFF9E47935}.Debug|ARM64.ActiveCfg = Debug|ARM64
		{15A30D23-C1A1-4066-A7FB-55CFF9E47935}.Debug|ARM64.Build.0 = Debug|ARM64
		{15A30D23-C1A1-4066-A7FB-55CFF9E47935}.Debug|ARM64.Deploy.0 = Debug|ARM64
		{15A30D23-C1A1-4066-A7FB-55CFF9E47935}.Debug|x64.ActiveCfg = Debug|x64
		{15A30D23-C1A1-4066-A7FB-55CFF9E47935}.Debug|x64.Build.0 = Debug|x64
		{15A30D23-C1A1-4066-A7FB-55CFF9E47935}.Debug|x64.Deploy.0 = Debug|x64
		{15A30D23-C1A1-4066-A7FB-55CFF9E47935}.Debug|x86.ActiveCfg = Debug|x86
		{15A30D23-C1A1-4066-A7FB-55CFF9E47935}.Debug|x86.Build.0 = Debug|x86
		{15A30D23-C1A1-4066-A7FB-55CFF9E47935}.Debug|x86.Deploy.0 = Debug|x86
		{15A30D23-C1A1-4066-A7FB-55CFF9E47935}.Release|ARM.ActiveCfg = Release|ARM
		{15A30D23-C1A1-4066-A7FB-55CFF9E47935}.Release|ARM.Build.0 = Release|ARM
		{15A30D23-C1A1-4066-A7FB-55CFF9E47935}.Release|ARM.Deploy.0 = Release|ARM
		{15A30D23-C1A1-4066-A7FB-55CFF9E47935}.Release|ARM64.ActiveCfg = Release|ARM64
		{15A30D23-C1A1-4066-A7FB-55CFF9E47935}.Release|ARM64.Build.0 = Release|ARM64
		{15A30D23-C1A1-4066-A7FB-55CFF9E47935}.Release|ARM64.Deploy.0 = Release|ARM64
		{15A30D23-C1A1-4066-A7FB-55CFF9E47935}.Release|x64.ActiveCfg = Release|x64
		{15A30D23-C1A1-4066-A7FB-55CFF9E47935}.Release|x64.Build.0 = Release|x64
		{15A30D23-C1A1-4066-A7FB-55CFF9E47935}.Release|x64.Deploy.0 = Release|x64
		{15A30D23-C1A1-4066-A7FB-55CFF9E47935}.Release|x86.ActiveCfg = Release|x86
		{15A30D23-C1A1-4066-A7FB-55CFF9E47935}.Release|x86.Build.0 = Release|x86
		{15A30D23-C1A1-4066-A7FB-55CFF9E47935}.Release|x86.Deploy.0 = Release|x86
		{38B871F9-C8A4-4776-89F0-8216F3807BE3}.Debug|ARM.ActiveCfg = Debug|ARM
		{38B871F9-C8A4-4776-89F0-8216F3807BE3}.Debug|ARM.Build.0 = Debug|ARM
		{38B871F9-C8A4-4776-89F0-8216F3807BE3}.Debug|ARM.Deploy.0 = Debug|ARM
		{38B871F9-C8A4-4776-89F0-8216F3807BE3}.Debug|ARM64.ActiveCfg = Debug|ARM64
		{38B871F9-C8A4-4776-89F0-8216F3807BE3}.Debug|ARM64.Build.0 = Debug|ARM64
		{38B871F9-C8A4-4776-89F0-8216F3807BE3}.Debug|ARM64.Deploy.0 = Debug|ARM64
		{38B871F9-C8A4-4776-89F0-8216F3807BE3}.Debug|x64.ActiveCfg = Debug|x64
		{38B871F9-C8A4-4776-89F0-8216F3807BE3}.Debug|x64.Build.0 = Debug|x64
		{38B871F9-C8A4-4776-89F0-8216F3807BE3}.Debug|x64.Deploy.0 = Debug|x64
		{38B871F9-C8A4-4776-89F0-8216F3807BE3}.Debug|x86.ActiveCfg = Debug|x86
		{38B871F9-C8A4-4776-89F0-8216F3807BE3}.Debug|x86.Build.0 = Debug|x86
		{38B871F9-C8A4-4776-89F0-8216F3807BE3}.Debug|x86.Deploy.0 = Debug|x86
		{38B871F9-C8A4-4776-89F0-8216F3807BE3}.Release|ARM.ActiveCfg = Release|ARM
		{38B871F9-C8A4-4776-89F0-8216F3807BE3}.Release|ARM.Build.0 = Release|ARM
		{38B871F9-C8A4-4776-89F0-8216F3807BE3}.Release|ARM.Deploy.0 = Release|ARM
		{38B871F9-C8A4-4776-89F0-8216F3807BE3}.Release|ARM64.ActiveCfg = Release|ARM64
		{38B871F9-C8A4-4776-89F0-8216F3807BE3}.Release|ARM64.Build.0 = Release|ARM64
		{38B871F9-C8A4-4776-89F0-8216F3807BE3}.Release|ARM64.Deploy.0 = Release|ARM64
		{38B871F9-C8A4-4776-89F0-8216F3807BE3}.Release|x64.ActiveCfg = Release|x64
		{38B871F9-C8A4-4776-89F0-8216F3807BE3}.Release|x64.Build.0 = Release|x64
		{38B871F9-C8A4-4776-89F0-8216F3807BE3}.Release|x64.Deploy.0 = Release|x64
		{38B871F9-C8A4-4776-89F0-8216F3807BE3}.Release|x86.ActiveCfg = Release|x86
		{38B871F9-C8A4-4776-89F0-8216F3807BE3}.Release|x86.Build.0 = Release|x86
		{38B871F9-C8A4-4776-89F0-8216F3807BE3}.Release|x86.Deploy.0 = Release|x86
		{9A22F1A4-658A-40B4-A694-5648EB93FBE5}.Debug|ARM.ActiveCfg = Debug|ARM
		{9A22F1A4-658A-40B4-A694-5648EB93FBE5}.Debug|ARM.Build.0 = Debug|ARM
		{9A22F1A4-658A-40B4-A694-5648EB93FBE5}.Debug|ARM.Deploy.0 = Debug|ARM
		{9A22F1A4-658A-40B4-A694-5648EB93FBE5}.Debug|ARM64.ActiveCfg = Debug|ARM64
		{9A22F1A4-658A-40B4-A694-5648EB93FBE5}.Debug|ARM64.Build.0 = Debug|ARM64
		{9A22F1A4-658A-40B4-A694-5648EB93FBE5}.Debug|ARM64.Deploy.0 = Debug|ARM64
		{9A22F1A4-658A-40B4-A694-5648EB93FBE5}.Debug|x64.ActiveCfg = Debug|x64
		{9A22F1A4-658A-40B4-A694-5648EB93FBE5}.Debug|x64.Build.0 = Debug|x64
		{9A22F1A4-658A-40B4-A694-5648EB93FBE5}.Debug|x64.Deploy.0 = Debug|x64
		{9A22F1A4-658A-40B4-A694-5648EB93FBE5}.Debug|x86.ActiveCfg = Debug|x86
		{9A22F1A4-658A-40B4-A694-5648EB93FBE5}.Debug|x86.Build.0 = Debug|x86
		{9A22F1A4-658A-40B4-A694-5648EB93FBE5}.Debug|x86.Deploy.0 = Debug|x86
		{9A22F1A4-658A-40B4-A694-5648EB93FBE5}.Release|ARM.ActiveCfg = Release|ARM
		{9A22F1A4-658A-40B4-A694-5648EB93FBE5}.Release|ARM.Build.0 = Release|ARM
		{9A22F1A4-658A-40B4-A694-5648EB93FBE5}.Release|ARM.Deploy.0 = Release|ARM
		{9A22F1A4-658A-40B4-A694-5648EB93FBE5}.Release|ARM64.ActiveCfg = Release|ARM64
		{9A22F1A4-658A-40B4-A694-5648EB93FBE5}.Release|ARM64.Build.0 = Release|ARM64
		{9A22F1A4-658A-40B4-A694-5648EB93FBE5}.Release|ARM64.Deploy.0 = Release|ARM64
		{9A22F1A4-658A-40B4-A694-5648EB93FBE5}.Release|x64.ActiveCfg = Release|x64
		{9A22F1A4-658A-40B4-A694-5648EB93FBE5}.Release|x64.Build.0 = Release|x64
		{9A22F1A4-658A-40B4-A694-5648EB93FBE5}.Release|x64.Deploy.0 = Release|x64
		{9A22F1A4-658A-40B4-A694-5648EB93FBE5}.Release|x86.ActiveCfg = Release|x86
		{9A22F1A4-658A-40B4-A694-5648EB93FBE5}.Release|x86.Build.0 = Release|x86
		{9A22F1A4-658A-40B4-A694-5648EB93FBE5}.Release|x86.Deploy.0 = Release|x86
		{62BFD748-544F-40C8-AD0E-F40B7D0C40AE}.Debug|ARM.ActiveCfg = Debug|ARM
		{62BFD748-544F-40C8-AD0E-F40B7D0C40AE}.Debug|ARM.Build.0 = Debug|ARM
		{62BFD748-544F-40C8-AD0E-F40B7D0C40AE}.Debug|ARM.Deploy.0 = Debug|ARM
		{62BFD748-544F-40C8-AD0E-F40B7D0C40AE}.Debug|ARM64.ActiveCfg = Debug|ARM64
		{62BFD748-544F-40C8-AD0E-F40B7D0C40AE}.Debug|ARM64.Build.0 = Debug|ARM64
		{62BFD748-544F-40C8-AD0E-F40B7D0C40AE}.Debug|ARM64.Deploy.0 = Debug|ARM64
		{62BFD748-544F-40C8-AD0E-F40B7D0C40AE}.Debug|x64.ActiveCfg = Debug|x64
		{62BFD748-544F-40C8-AD0E-F40B7D0C40AE}.Debug|x64.Build.0 = Debug|x64
		{62BFD748-544F-40C8-AD0E-F40B7D0C40AE}.Debug|x64.Deploy.0 = Debug|x64
		{62BFD748-544F-40C8-AD0E-F40B7D0C40AE}.Debug|x86.ActiveCfg = Debug|x86
		{62BFD748-544F-40C8-AD0E-F40B7D0C40AE}.Debug|x86.Build.0 = Debug|x86
		{62BFD748-544F-40C8-AD0E-F40B7D0C40AE}.Debug|x86.Deploy.0 = Debug|x86
		{62BFD748-544F-40C8-AD0E-F40B7D0C40AE}.Release|ARM.ActiveCfg = Release|ARM
		{62BFD748-544F-40C8-AD0E-F40B7D0C40AE}.Release|ARM.Build.0 = Release|ARM
		{62BFD748-544F-40C8-AD0E-F40B7D0C40AE}.Release|ARM.Deploy.0 = Release|ARM
		{62BFD748-544F-40C8-AD0E-F40B7D0C40AE}.Release|ARM64.ActiveCfg = Release|ARM64
		{62BFD748-544F-40C8-AD0E-F40B7D0C40AE}.Release|ARM64.Build.0 = Release|ARM64
		{62BFD748-544F-40C8-AD0E-F40B7D0C40AE}.Release|ARM64.Deploy.0 = Release|ARM64
		{62BFD748-544F-40C8-AD0E-F40B7D0C40AE}.Release|x64.ActiveCfg = Release|x64
		{62BFD748-544F-40C8-AD0E-F40B7D0C40AE}.Release|x64.Build.0 = Release|x64
		{62BFD748-544F-40C8-AD0E-F40B7D0C40AE}.Release|x64.Deploy.0 = Release|x64
		{62BFD748-544F-40C8-AD0E-F40B7D0C40AE}.Release|x86.ActiveCfg = Release|x86
		{62BFD748-544F-40C8-AD0E-F40B7D0C40AE}.Release|x86.Build.0 = Release|x86
		{62BFD748-544F-40C8-AD0E-F40B7D0C40AE}.Release|x86.Deploy.0 = Release|x86
		{D48E08DE-9367-43B6-A462-2EF62F285B54}.Debug|ARM.ActiveCfg = Debug|ARM
		{D48E08DE-9367-43B6-A462-2EF62F285B54}.Debug|ARM.Build.0 = Debug|ARM
		{D48E08DE-9367-43B6-A462-2EF62F285B54}.Debug|ARM.Deploy.0 = Debug|ARM
		{D48E08DE-9367-43B6-A462-2EF62F285B54}.Debug|ARM64.ActiveCfg = Debug|ARM64
		{D48E08DE-9367-43B6-A462-2EF62F285B54}.Debug|ARM64.Build.0 = Debug|ARM64
		{D48E08DE-9367-43B6-A462-2EF62F285B54}.Debug|ARM64.Deploy.0 = Debug|ARM64
		{D48E08DE-9367-43B6-A462-2EF62F285B54}.Debug|x64.ActiveCfg = Debug|x64
		{D48E08DE-9367-43B6-A462-2EF62F285B54}.Debug|x64.Build.0 = Debug|x64
		{D48E08DE-9367-43B6-A462-2EF62F285B54}.Debug|x64.Deploy.0 = Debug|x64
		{D48E08DE-9367-43B6-A462-2EF62F285B54}.Debug|x86.ActiveCfg = Debug|x86
		{D48E08DE-9367-43B6-A462-2EF62F285B54}.Debug|x86.Build.0 = Debug|x86
		{D48E08DE-9367-43B6-A462-2EF62F285B54}.Debug|x86.Deploy.0 = Debug|x86
		{D48E08DE-9367-43B6-A462-2EF62F285B54}.Release|ARM.ActiveCfg = Release|ARM
		{D48E08DE-9367-43B6-A462-2EF62F285B54}.Release|ARM.Build.0 = Release|ARM
		{D48E08DE-9367-43B6-A462-2EF62F285B54}.Release|ARM.Deploy.0 = Release|ARM
		{D48E08DE-9367-43B6-A462-2EF62F285B54}.Release|ARM64.ActiveCfg = Release|ARM64
		{D48E08DE-9367-43B6-A462-2EF62F285B54}.Release|ARM64.Build.0 = Release|ARM64
		{D48E08DE-9367-43B6-A462-2EF62F285B54}.Release|ARM64.Deploy.0 = Release|ARM64
		{D48E08DE-9367-43B6-A462-2EF62F285B54}.Release|x64.ActiveCfg = Release|x64
		{D48E08DE-9367-43B6-A462-2EF62F285B54}.Release|x64.Build.0 = Release|x64
		{D48E08DE-9367-43B6-A462-2EF62F285B54}.Release|x64.Deploy.0 = Release|x64
		{D48E08DE-9367-43B6-A462-2EF62F285B54}.Release|x86.ActiveCfg = Release|x86
		{D48E08DE-9367-43B6-A462-2EF62F285B54}.Release|x86.Build.0 = Release|x86
		{D48E08DE-9367-43B6-A462-2EF62F285B54}.Release|x86.Deploy.0 = Release|x86
		{455D2521-115C-4E70-A93B-28EE064BDD13}.Debug|ARM.ActiveCfg = Debug|ARM
		{455D2521-115C-4E70-A93B-28EE064BDD13}.Debug|ARM.Build.0 = Debug|ARM
		{455D2521-115C-4E70-A93B-28EE064BDD13}.Debug|ARM.Deploy.0 = Debug|ARM
		{455D2521-115C-4E70-A93B-28EE064BDD13}.Debug|ARM64.ActiveCfg = Debug|ARM64
		{455D2521-115C-4E70-A93B-28EE064BDD13}.Debug|ARM64.Build.0 = Debug|ARM64
		{455D2521-115C-4E70-A93B-28EE064BDD13}.Debug|ARM64.Deploy.0 = Debug|ARM64
		{455D2521-115C-4E70-A93B-28EE064BDD13}.Debug|x64.ActiveCfg = Debug|x64
		{455D2521-115C-4E70-A93B-28EE064BDD13}.Debug|x64.Build.0 = Debug|x64
		{455D2521-115C-4E70-A93B-28EE064BDD13}.Debug|x64.Deploy.0 = Debug|x64
		{455D2521-115C-4E70-A93B-28EE064BDD13}.Debug|x86.ActiveCfg = Debug|x86
		{455D2521-115C-4E70-A93B-28EE064BDD13}.Debug|x86.Build.0 = Debug|x86
		{455D2521-115C-4E70-A93B-28EE064BDD13}.Debug|x86.Deploy.0 = Debug|x86
		{455D2521-115C-4E70-A93B-28EE064BDD13}.Release|ARM.ActiveCfg = Release|ARM
		{455D2521-115C-4E70-A93B-28EE064BDD13}.Release|ARM.Build.0 = Release|ARM
		{455D2521-115C-4E70-A93B-28EE064BDD13}.Release|ARM.Deploy.0 = Release|ARM
		{455D2521-115C-4E70-A93B-28EE064BDD13}.Release|ARM64.ActiveCfg = Release|ARM64
		{455D2521-115C-4E70-A93B-28EE064BDD13}.Release|ARM64.Build.0 = Release|ARM64
		{455D2521-115C-4E70-A93B-28EE064BDD13}.Release|ARM64.Deploy.0 = Release|ARM64
		{455D2521-115C-4E70-A93B-28EE064BDD13}.Release|x64.ActiveCfg = Release|x64
		{455D2521-115C-4E70-A93B-28EE064BDD13}.Release|x64.Build.0 = Release|x64
		{455D2521-115C-4E70-A93B-28EE064BDD13}.Release|x64.Deploy.0 = Release|x64
		{455D2521-115C-4E70-A93B-28EE064BDD13}.Release|x86.ActiveCfg = Release|x86
		{455D2521-115C-4E70-A93B-28EE064BDD13}.Release|x86.Build.0 = Release|x86
		{455D2521-115C-4E70-A93B-28EE064BDD13}.Release|x86.Deploy.0 = Release|x86
		{CA17FACC-74F6-493B-B941-B9AA8BDDE2CE}.Debug|ARM.ActiveCfg = Debug|ARM
		{CA17FACC-74F6-493B-B941-B9AA8BDDE2CE}.Debug|ARM.Build.0 = Debug|ARM
		{CA17FACC-74F6-493B-B941-B9AA8BDDE2CE}.Debug|ARM.Deploy.0 = Debug|ARM
		{CA17FACC-74F6-493B-B941-B9AA8BDDE2CE}.Debug|ARM64.ActiveCfg = Debug|ARM64
		{CA17FACC-74F6-493B-B941-B9AA8BDDE2CE}.Debug|ARM64.Build.0 = Debug|ARM64
		{CA17FACC-74F6-493B-B941-B9AA8BDDE2CE}.Debug|ARM64.Deploy.0 = Debug|ARM64
		{CA17FACC-74F6-493B-B941-B9AA8BDDE2CE}.Debug|x64.ActiveCfg = Debug|x64
		{CA17FACC-74F6-493B-B941-B9AA8BDDE2CE}.Debug|x64.Build.0 = Debug|x64
		{CA17FACC-74F6-493B-B941-B9AA8BDDE2CE}.Debug|x64.Deploy.0 = Debug|x64
		{CA17FACC-74F6-493B-B941-B9AA8BDDE2CE}.Debug|x86.ActiveCfg = Debug|x86
		{CA17FACC-74F6-493B-B941-B9AA8BDDE2CE}.Debug|x86.Build.0 = Debug|x86
		{CA17FACC-74F6-493B-B941-B9AA8BDDE2CE}.Debug|x86.Deploy.0 = Debug|x86
		{CA17FACC-74F6-493B-B941-B9AA8BDDE2CE}.Release|ARM.ActiveCfg = Release|ARM
		{CA17FACC-74F6-493B-B941-B9AA8BDDE2CE}.Release|ARM.Build.0 = Release|ARM
		{CA17FACC-74F6-493B-B941-B9AA8BDDE2CE}.Release|ARM.Deploy.0 = Release|ARM
		{CA17FACC-74F6-493B-B941-B9AA8BDDE2CE}.Release|ARM64.ActiveCfg = Release|ARM64
		{CA17FACC-74F6-493B-B941-B9AA8BDDE2CE}.Release|ARM64.Build.0 = Release|ARM64
		{CA17FACC-74F6-493B-B941-B9AA8BDDE2CE}.Release|ARM64.Deploy.0 = Release|ARM64
		{CA17FACC-74F6-493B-B941-B9AA8BDDE2CE}.Release|x64.ActiveCfg = Release|x64
		{CA17FACC-74F6-493B-B941-B9AA8BDDE2CE}.Release|x64.Build.0 = Release|x64
		{CA17FACC-74F6-493B-B941-B9AA8BDDE2CE}.Release|x64.Deploy.0 = Release|x64
		{CA17FACC-74F6-493B-B941-B9AA8BDDE2CE}.Release|x86.ActiveCfg = Release|x86
		{CA17FACC-74F6-493B-B941-B9AA8BDDE2CE}.Release|x86.Build.0 = Release|x86
		{CA17FACC-74F6-493B-B941-B9AA8BDDE2CE}.Release|x86.Deploy.0 = Release|x86
		{18217C56-4C6B-4B9E-ACE0-0C1DE3544608}.Debug|ARM.ActiveCfg = Debug|ARM
		{18217C56-4C6B-4B9E-ACE0-0C1DE3544608}.Debug|ARM.Build.0 = Debug|ARM
		{18217C56-4C6B-4B9E-ACE0-0C1DE3544608}.Debug|ARM.Deploy.0 = Debug|ARM
		{18217C56-4C6B-4B9E-ACE0-0C1DE3544608}.Debug|ARM64.ActiveCfg = Debug|ARM64
		{18217C56-4C6B-4B9E-ACE0-0C1DE3544608}.Debug|ARM64.Build.0 = Debug|ARM64
		{18217C56-4C6B-4B9E-ACE0-0C1DE3544608}.Debug|ARM64.Deploy.0 = Debug|ARM64
		{18217C56-4C6B-4B9E-ACE0-0C1DE3544608}.Debug|x64.ActiveCfg = Debug|x64
		{18217C56-4C6B-4B9E-ACE0-0C1DE3544608}.Debug|x64.Build.0 = Debug|x64
		{18217C56-4C6B-4B9E-ACE0-0C1DE3544608}.Debug|x64.Deploy.0 = Debug|x64
		{18217C56-4C6B-4B9E-ACE0-0C1DE3544608}.Debug|x86.ActiveCfg = Debug|x86
		{18217C56-4C6B-4B9E-ACE0-0C1DE3544608}.Debug|x86.Build.0 = Debug|x86
		{18217C56-4C6B-4B9E-ACE0-0C1DE3544608}.Debug|x86.Deploy.0 = Debug|x86
		{18217C56-4C6B-4B9E-ACE0-0C1DE3544608}.Release|ARM.ActiveCfg = Release|ARM
		{18217C56-4C6B-4B9E-ACE0-0C1DE3544608}.Release|ARM.Build.0 = Release|ARM
		{18217C56-4C6B-4B9E-ACE0-0C1DE3544608}.Release|ARM.Deploy.0 = Release|ARM
		{18217C56-4C6B-4B9E-ACE0-0C1DE3544608}.Release|ARM64.ActiveCfg = Release|ARM64
		{18217C56-4C6B-4B9E-ACE0-0C1DE3544608}.Release|ARM64.Build.0 = Release|ARM64
		{18217C56-4C6B-4B9E-ACE0-0C1DE3544608}.Release|ARM64.Deploy.0 = Release|ARM64
		{18217C56-4C6B-4B9E-ACE0-0C1DE3544608}.Release|x64.ActiveCfg = Release|x64
		{18217C56-4C6B-4B9E-ACE0-0C1DE3544608}.Release|x64.Build.0 = Release|x64
		{18217C56-4C6B-4B9E-ACE0-0C1DE3544608}.Release|x64.Deploy.0 = Release|x64
		{18217C56-4C6B-4B9E-ACE0-0C1DE3544608}.Release|x86.ActiveCfg = Release|x86
		{18217C56-4C6B-4B9E-ACE0-0C1DE3544608}.Release|x86.Build.0 = Release|x86
		{18217C56-4C6B-4B9E-ACE0-0C1DE3544608}.Release|x86.Deploy.0 = Release|x86
		{BEB32D80-DB82-43A3-B17A-716233116355}.Debug|ARM.ActiveCfg = Debug|ARM
		{BEB32D80-DB82-43A3-B17A-716233116355}.Debug|ARM.Build.0 = Debug|ARM
		{BEB32D80-DB82-43A3-B17A-716233116355}.Debug|ARM.Deploy.0 = Debug|ARM
		{BEB32D80-DB82-43A3-B17A-716233116355}.Debug|ARM64.ActiveCfg = Debug|ARM64
		{BEB32D80-DB82-43A3-B17A-716233116355}.Debug|ARM64.Build.0 = Debug|ARM64
		{BEB32D80-DB82-43A3-B17A-716233116355}.Debug|ARM64.Deploy.0 = Debug|ARM64
		{BEB32D80-DB82-43A3-B17A-716233116355}.Debug|x64.ActiveCfg = Debug|x64
		{BEB32D80-DB82-43A3-B17A-716233116355}.Debug|x64.Build.0 = Debug|x64
		{BEB32D80-DB82-43A3-B17A-716233116355}.Debug|x64.Deploy.0 = Debug|x64
		{BEB32D80-DB82-43A3-B17A-716233116355}.Debug|x86.ActiveCfg = Debug|x86
		{BEB32D80-DB82-43A3-B17A-716233116355}.Debug|x86.Build.0 = Debug|x86
		{BEB32D80-DB82-43A3-B17A-716233116355}.Debug|x86.Deploy.0 = Debug|x86
		{BEB32D80-DB82-43A3-B17A-716233116355}.Release|ARM.ActiveCfg = Release|ARM
		{BEB32D80-DB82-43A3-B17A-716233116355}.Release|ARM.Build.0 = Release|ARM
		{BEB32D80-DB82-43A3-B17A-716233116355}.Release|ARM.Deploy.0 = Release|ARM
		{BEB32D80-DB82-43A3-B17A-716233116355}.Release|ARM64.ActiveCfg = Release|ARM64
		{BEB32D80-DB82-43A3-B17A-716233116355}.Release|ARM64.Build.0 = Release|ARM64
		{BEB32D80-DB82-43A3-B17A-716233116355}.Release|ARM64.Deploy.0 = Release|ARM64
		{BEB32D80-DB82-43A3-B17A-716233116355}.Release|x64.ActiveCfg = Release|x64
		{BEB32D80-DB82-43A3-B17A-716233116355}.Release|x64.Build.0 = Release|x64
		{BEB32D80-DB82-43A3-B17A-716233116355}.Release|x64.Deploy.0 = Release|x64
		{BEB32D80-DB82-43A3-B17A-716233116355}.Release|x86.ActiveCfg = Release|x86
		{BEB32D80-DB82-43A3-B17A-716233116355}.Release|x86.Build.0 = Release|x86
		{BEB32D80-DB82-43A3-B17A-716233116355}.Release|x86.Deploy.0 = Release|x86
	EndGlobalSection
	GlobalSection(SolutionProperties) = preSolution
		HideSolutionNode = FALSE
	EndGlobalSection
	GlobalSection(ExtensibilityGlobals) = postSolution
		SolutionGuid = {D303E3D1-DD02-4486-85DD-B7072FAA1D21}
	EndGlobalSection
EndGlobal
