
Microsoft Visual Studio Solution File, Format Version 12.00
# Visual Studio Version 16
VisualStudioVersion = 16.0.30330.147
MinimumVisualStudioVersion = 10.0.40219.1
Project("{FAE04EC0-301F-11D3-BF4B-00C04F79EFBC}") = "sem3-t1907m", "sem3-t1907m\sem3-t1907m.csproj", "{BCFA4E6B-CB5D-4AB7-8884-16FBE56591B5}"
EndProject
Project("{FAE04EC0-301F-11D3-BF4B-00C04F79EFBC}") = "FakeNews", "FakeNews\FakeNews.csproj", "{15A30D23-C1A1-4066-A7FB-55CFF9E47935}"
EndProject
Project("{FAE04EC0-301F-11D3-BF4B-00C04F79EFBC}") = "databindingexample", "databindingexample\databindingexample.csproj", "{38B871F9-C8A4-4776-89F0-8216F3807BE3}"
EndProject
Project("{FAE04EC0-301F-11D3-BF4B-00C04F79EFBC}") = "ObservableCollectionExample", "ObservableCollectionExample\ObservableCollectionExample.csproj", "{9A22F1A4-658A-40B4-A694-5648EB93FBE5}"
EndProject
Global
	GlobalSection(SolutionConfigurationPlatforms) = preSolution
		Debug|ARM = Debug|ARM
		Debug|ARM64 = Debug|ARM64
		Debug|x64 = Debug|x64
		Debug|x86 = Debug|x86
		Release|ARM = Release|ARM
		Release|ARM64 = Release|ARM64
		Release|x64 = Release|x64
		Release|x86 = Release|x86
	EndGlobalSection
	GlobalSection(ProjectConfigurationPlatforms) = postSolution
		{BCFA4E6B-CB5D-4AB7-8884-16FBE56591B5}.Debug|ARM.ActiveCfg = Debug|ARM
		{BCFA4E6B-CB5D-4AB7-8884-16FBE56591B5}.Debug|ARM.Build.0 = Debug|ARM
		{BCFA4E6B-CB5D-4AB7-8884-16FBE56591B5}.Debug|ARM.Deploy.0 = Debug|ARM
		{BCFA4E6B-CB5D-4AB7-8884-16FBE56591B5}.Debug|ARM64.ActiveCfg = Debug|ARM64
		{BCFA4E6B-CB5D-4AB7-8884-16FBE56591B5}.Debug|ARM64.Build.0 = Debug|ARM64
		{BCFA4E6B-CB5D-4AB7-8884-16FBE56591B5}.Debug|ARM64.Deploy.0 = Debug|ARM64
		{BCFA4E6B-CB5D-4AB7-8884-16FBE56591B5}.Debug|x64.ActiveCfg = Debug|x64
		{BCFA4E6B-CB5D-4AB7-8884-16FBE56591B5}.Debug|x64.Build.0 = Debug|x64
		{BCFA4E6B-CB5D-4AB7-8884-16FBE56591B5}.Debug|x64.Deploy.0 = Debug|x64
		{BCFA4E6B-CB5D-4AB7-8884-16FBE56591B5}.Debug|x86.ActiveCfg = Debug|x86
		{BCFA4E6B-CB5D-4AB7-8884-16FBE56591B5}.Debug|x86.Build.0 = Debug|x86
		{BCFA4E6B-CB5D-4AB7-8884-16FBE56591B5}.Debug|x86.Deploy.0 = Debug|x86
		{BCFA4E6B-CB5D-4AB7-8884-16FBE56591B5}.Release|ARM.ActiveCfg = Release|ARM
		{BCFA4E6B-CB5D-4AB7-8884-16FBE56591B5}.Release|ARM.Build.0 = Release|ARM
		{BCFA4E6B-CB5D-4AB7-8884-16FBE56591B5}.Release|ARM.Deploy.0 = Release|ARM
		{BCFA4E6B-CB5D-4AB7-8884-16FBE56591B5}.Release|ARM64.ActiveCfg = Release|ARM64
		{BCFA4E6B-CB5D-4AB7-8884-16FBE56591B5}.Release|ARM64.Build.0 = Release|ARM64
		{BCFA4E6B-CB5D-4AB7-8884-16FBE56591B5}.Release|ARM64.Deploy.0 = Release|ARM64
		{BCFA4E6B-CB5D-4AB7-8884-16FBE56591B5}.Release|x64.ActiveCfg = Release|x64
		{BCFA4E6B-CB5D-4AB7-8884-16FBE56591B5}.Release|x64.Build.0 = Release|x64
		{BCFA4E6B-CB5D-4AB7-8884-16FBE56591B5}.Release|x64.Deploy.0 = Release|x64
		{BCFA4E6B-CB5D-4AB7-8884-16FBE56591B5}.Release|x86.ActiveCfg = Release|x86
		{BCFA4E6B-CB5D-4AB7-8884-16FBE56591B5}.Release|x86.Build.0 = Release|x86
		{BCFA4E6B-CB5D-4AB7-8884-16FBE56591B5}.Release|x86.Deploy.0 = Release|x86
		{15A30D23-C1A1-4066-A7FB-55CFF9E47935}.Debug|ARM.ActiveCfg = Debug|ARM
		{15A30D23-C1A1-4066-A7FB-55CFF9E47935}.Debug|ARM.Build.0 = Debug|ARM
		{15A30D23-C1A1-4066-A7FB-55CFF9E47935}.Debug|ARM.Deploy.0 = Debug|ARM
		{15A30D23-C1A1-4066-A7FB-55CFF9E47935}.Debug|ARM64.ActiveCfg = Debug|ARM64
		{15A30D23-C1A1-4066-A7FB-55CFF9E47935}.Debug|ARM64.Build.0 = Debug|ARM64
		{15A30D23-C1A1-4066-A7FB-55CFF9E47935}.Debug|ARM64.Deploy.0 = Debug|ARM64
		{15A30D23-C1A1-4066-A7FB-55CFF9E47935}.Debug|x64.ActiveCfg = Debug|x64
		{15A30D23-C1A1-4066-A7FB-55CFF9E47935}.Debug|x64.Build.0 = Debug|x64
		{15A30D23-C1A1-4066-A7FB-55CFF9E47935}.Debug|x64.Deploy.0 = Debug|x64
		{15A30D23-C1A1-4066-A7FB-55CFF9E47935}.Debug|x86.ActiveCfg = Debug|x86
		{15A30D23-C1A1-4066-A7FB-55CFF9E47935}.Debug|x86.Build.0 = Debug|x86
		{15A30D23-C1A1-4066-A7FB-55CFF9E47935}.Debug|x86.Deploy.0 = Debug|x86
		{15A30D23-C1A1-4066-A7FB-55CFF9E47935}.Release|ARM.ActiveCfg = Release|ARM
		{15A30D23-C1A1-4066-A7FB-55CFF9E47935}.Release|ARM.Build.0 = Release|ARM
		{15A30D23-C1A1-4066-A7FB-55CFF9E47935}.Release|ARM.Deploy.0 = Release|ARM
		{15A30D23-C1A1-4066-A7FB-55CFF9E47935}.Release|ARM64.ActiveCfg = Release|ARM64
		{15A30D23-C1A1-4066-A7FB-55CFF9E47935}.Release|ARM64.Build.0 = Release|ARM64
		{15A30D23-C1A1-4066-A7FB-55CFF9E47935}.Release|ARM64.Deploy.0 = Release|ARM64
		{15A30D23-C1A1-4066-A7FB-55CFF9E47935}.Release|x64.ActiveCfg = Release|x64
		{15A30D23-C1A1-4066-A7FB-55CFF9E47935}.Release|x64.Build.0 = Release|x64
		{15A30D23-C1A1-4066-A7FB-55CFF9E47935}.Release|x64.Deploy.0 = Release|x64
		{15A30D23-C1A1-4066-A7FB-55CFF9E47935}.Release|x86.ActiveCfg = Release|x86
		{15A30D23-C1A1-4066-A7FB-55CFF9E47935}.Release|x86.Build.0 = Release|x86
		{15A30D23-C1A1-4066-A7FB-55CFF9E47935}.Release|x86.Deploy.0 = Release|x86
		{38B871F9-C8A4-4776-89F0-8216F3807BE3}.Debug|ARM.ActiveCfg = Debug|ARM
		{38B871F9-C8A4-4776-89F0-8216F3807BE3}.Debug|ARM.Build.0 = Debug|ARM
		{38B871F9-C8A4-4776-89F0-8216F3807BE3}.Debug|ARM.Deploy.0 = Debug|ARM
		{38B871F9-C8A4-4776-89F0-8216F3807BE3}.Debug|ARM64.ActiveCfg = Debug|ARM64
		{38B871F9-C8A4-4776-89F0-8216F3807BE3}.Debug|ARM64.Build.0 = Debug|ARM64
		{38B871F9-C8A4-4776-89F0-8216F3807BE3}.Debug|ARM64.Deploy.0 = Debug|ARM64
		{38B871F9-C8A4-4776-89F0-8216F3807BE3}.Debug|x64.ActiveCfg = Debug|x64
		{38B871F9-C8A4-4776-89F0-8216F3807BE3}.Debug|x64.Build.0 = Debug|x64
		{38B871F9-C8A4-4776-89F0-8216F3807BE3}.Debug|x64.Deploy.0 = Debug|x64
		{38B871F9-C8A4-4776-89F0-8216F3807BE3}.Debug|x86.ActiveCfg = Debug|x86
		{38B871F9-C8A4-4776-89F0-8216F3807BE3}.Debug|x86.Build.0 = Debug|x86
		{38B871F9-C8A4-4776-89F0-8216F3807BE3}.Debug|x86.Deploy.0 = Debug|x86
		{38B871F9-C8A4-4776-89F0-8216F3807BE3}.Release|ARM.ActiveCfg = Release|ARM
		{38B871F9-C8A4-4776-89F0-8216F3807BE3}.Release|ARM.Build.0 = Release|ARM
		{38B871F9-C8A4-4776-89F0-8216F3807BE3}.Release|ARM.Deploy.0 = Release|ARM
		{38B871F9-C8A4-4776-89F0-8216F3807BE3}.Release|ARM64.ActiveCfg = Release|ARM64
		{38B871F9-C8A4-4776-89F0-8216F3807BE3}.Release|ARM64.Build.0 = Release|ARM64
		{38B871F9-C8A4-4776-89F0-8216F3807BE3}.Release|ARM64.Deploy.0 = Release|ARM64
		{38B871F9-C8A4-4776-89F0-8216F3807BE3}.Release|x64.ActiveCfg = Release|x64
		{38B871F9-C8A4-4776-89F0-8216F3807BE3}.Release|x64.Build.0 = Release|x64
		{38B871F9-C8A4-4776-89F0-8216F3807BE3}.Release|x64.Deploy.0 = Release|x64
		{38B871F9-C8A4-4776-89F0-8216F3807BE3}.Release|x86.ActiveCfg = Release|x86
		{38B871F9-C8A4-4776-89F0-8216F3807BE3}.Release|x86.Build.0 = Release|x86
		{38B871F9-C8A4-4776-89F0-8216F3807BE3}.Release|x86.Deploy.0 = Release|x86
		{9A22F1A4-658A-40B4-A694-5648EB93FBE5}.Debug|ARM.ActiveCfg = Debug|ARM
		{9A22F1A4-658A-40B4-A694-5648EB93FBE5}.Debug|ARM.Build.0 = Debug|ARM
		{9A22F1A4-658A-40B4-A694-5648EB93FBE5}.Debug|ARM.Deploy.0 = Debug|ARM
		{9A22F1A4-658A-40B4-A694-5648EB93FBE5}.Debug|ARM64.ActiveCfg = Debug|ARM64
		{9A22F1A4-658A-40B4-A694-5648EB93FBE5}.Debug|ARM64.Build.0 = Debug|ARM64
		{9A22F1A4-658A-40B4-A694-5648EB93FBE5}.Debug|ARM64.Deploy.0 = Debug|ARM64
		{9A22F1A4-658A-40B4-A694-5648EB93FBE5}.Debug|x64.ActiveCfg = Debug|x64
		{9A22F1A4-658A-40B4-A694-5648EB93FBE5}.Debug|x64.Build.0 = Debug|x64
		{9A22F1A4-658A-40B4-A694-5648EB93FBE5}.Debug|x64.Deploy.0 = Debug|x64
		{9A22F1A4-658A-40B4-A694-5648EB93FBE5}.Debug|x86.ActiveCfg = Debug|x86
		{9A22F1A4-658A-40B4-A694-5648EB93FBE5}.Debug|x86.Build.0 = Debug|x86
		{9A22F1A4-658A-40B4-A694-5648EB93FBE5}.Debug|x86.Deploy.0 = Debug|x86
		{9A22F1A4-658A-40B4-A694-5648EB93FBE5}.Release|ARM.ActiveCfg = Release|ARM
		{9A22F1A4-658A-40B4-A694-5648EB93FBE5}.Release|ARM.Build.0 = Release|ARM
		{9A22F1A4-658A-40B4-A694-5648EB93FBE5}.Release|ARM.Deploy.0 = Release|ARM
		{9A22F1A4-658A-40B4-A694-5648EB93FBE5}.Release|ARM64.ActiveCfg = Release|ARM64
		{9A22F1A4-658A-40B4-A694-5648EB93FBE5}.Release|ARM64.Build.0 = Release|ARM64
		{9A22F1A4-658A-40B4-A694-5648EB93FBE5}.Release|ARM64.Deploy.0 = Release|ARM64
		{9A22F1A4-658A-40B4-A694-5648EB93FBE5}.Release|x64.ActiveCfg = Release|x64
		{9A22F1A4-658A-40B4-A694-5648EB93FBE5}.Release|x64.Build.0 = Release|x64
		{9A22F1A4-658A-40B4-A694-5648EB93FBE5}.Release|x64.Deploy.0 = Release|x64
		{9A22F1A4-658A-40B4-A694-5648EB93FBE5}.Release|x86.ActiveCfg = Release|x86
		{9A22F1A4-658A-40B4-A694-5648EB93FBE5}.Release|x86.Build.0 = Release|x86
		{9A22F1A4-658A-40B4-A694-5648EB93FBE5}.Release|x86.Deploy.0 = Release|x86
	EndGlobalSection
	GlobalSection(SolutionProperties) = preSolution
		HideSolutionNode = FALSE
	EndGlobalSection
	GlobalSection(ExtensibilityGlobals) = postSolution
		SolutionGuid = {D303E3D1-DD02-4486-85DD-B7072FAA1D21}
	EndGlobalSection
EndGlobal
